{
  "name": "subtitle-transformer",
  "version": "1.0.0",
  "lockfileVersion": 3,
  "requires": true,
  "packages": {
    "": {
      "name": "subtitle-transformer",
      "version": "1.0.0",
      "license": "ISC",
      "dependencies": {
        "subtitles-parser-vtt": "^0.1.0"
      }
    },
    "node_modules/subtitles-parser-vtt": {
      "version": "0.1.0",
      "resolved": "https://registry.npmjs.org/subtitles-parser-vtt/-/subtitles-parser-vtt-0.1.0.tgz",
      "integrity": "sha512-+y3GOvLL+71JLMFFjqSi4p0J9ddSbhpXKaWG6vHUT8PqPZmlhyAsfu0LP248FdVGfwNIj77wIgVkfQ2xwCZ4+Q==",
      "engines": {
        "node": "*"
      }
    }
  }
}
